
Microsoft Visual Studio Solution File, Format Version 12.00
# Visual Studio 15
VisualStudioVersion = 15.0.27703.2047
MinimumVisualStudioVersion = 10.0.40219.1
Project("{FAE04EC0-301F-11D3-BF4B-00C04F79EFBC}") = "Odontology.Android", "Odontology\Odontology.Android\Odontology.Android.csproj", "{7C5EC0B1-FDB6-4426-B482-330BBC935156}"
EndProject
Project("{FAE04EC0-301F-11D3-BF4B-00C04F79EFBC}") = "Odontology.iOS", "Odontology\Odontology.iOS\Odontology.iOS.csproj", "{DF162380-3A9C-40C1-B91C-A9FD15835CC7}"
EndProject
Project("{FAE04EC0-301F-11D3-BF4B-00C04F79EFBC}") = "Odontology", "Odontology\Odontology\Odontology.csproj", "{77CB1B0F-581A-4172-8AC5-C876C20DA96B}"
EndProject
Project("{FAE04EC0-301F-11D3-BF4B-00C04F79EFBC}") = "Odontology.Backend", "Odontology.Backend\Odontology.Backend.csproj", "{2003CD29-F2E4-419C-AB34-A385C3E68CEB}"
EndProject
Project("{FAE04EC0-301F-11D3-BF4B-00C04F79EFBC}") = "Odontology.Api", "Odontology.Api\Odontology.Api.csproj", "{D6EA515D-2690-4ABD-A5EA-1CB10E0C6831}"
EndProject
Project("{FAE04EC0-301F-11D3-BF4B-00C04F79EFBC}") = "Odontology.Domain", "Odontology.Domain\Odontology.Domain.csproj", "{FB858953-16F9-4384-A75B-1B6311B19C71}"
EndProject
Project("{FAE04EC0-301F-11D3-BF4B-00C04F79EFBC}") = "Odontology.Common", "Odontology.Common\Odontology.Common.csproj", "{94E6F4B3-7A74-40A9-B9B1-57DACA5E178A}"
EndProject
Global
	GlobalSection(SolutionConfigurationPlatforms) = preSolution
		Ad-Hoc|Any CPU = Ad-Hoc|Any CPU
		Ad-Hoc|iPhone = Ad-Hoc|iPhone
		Ad-Hoc|iPhoneSimulator = Ad-Hoc|iPhoneSimulator
		AppStore|Any CPU = AppStore|Any CPU
		AppStore|iPhone = AppStore|iPhone
		AppStore|iPhoneSimulator = AppStore|iPhoneSimulator
		Debug|Any CPU = Debug|Any CPU
		Debug|iPhone = Debug|iPhone
		Debug|iPhoneSimulator = Debug|iPhoneSimulator
		Release|Any CPU = Release|Any CPU
		Release|iPhone = Release|iPhone
		Release|iPhoneSimulator = Release|iPhoneSimulator
	EndGlobalSection
	GlobalSection(ProjectConfigurationPlatforms) = postSolution
		{7C5EC0B1-FDB6-4426-B482-330BBC935156}.Ad-Hoc|Any CPU.ActiveCfg = Release|Any CPU
		{7C5EC0B1-FDB6-4426-B482-330BBC935156}.Ad-Hoc|Any CPU.Build.0 = Release|Any CPU
		{7C5EC0B1-FDB6-4426-B482-330BBC935156}.Ad-Hoc|Any CPU.Deploy.0 = Release|Any CPU
		{7C5EC0B1-FDB6-4426-B482-330BBC935156}.Ad-Hoc|iPhone.ActiveCfg = Release|Any CPU
		{7C5EC0B1-FDB6-4426-B482-330BBC935156}.Ad-Hoc|iPhone.Build.0 = Release|Any CPU
		{7C5EC0B1-FDB6-4426-B482-330BBC935156}.Ad-Hoc|iPhone.Deploy.0 = Release|Any CPU
		{7C5EC0B1-FDB6-4426-B482-330BBC935156}.Ad-Hoc|iPhoneSimulator.ActiveCfg = Release|Any CPU
		{7C5EC0B1-FDB6-4426-B482-330BBC935156}.Ad-Hoc|iPhoneSimulator.Build.0 = Release|Any CPU
		{7C5EC0B1-FDB6-4426-B482-330BBC935156}.Ad-Hoc|iPhoneSimulator.Deploy.0 = Release|Any CPU
		{7C5EC0B1-FDB6-4426-B482-330BBC935156}.AppStore|Any CPU.ActiveCfg = Release|Any CPU
		{7C5EC0B1-FDB6-4426-B482-330BBC935156}.AppStore|Any CPU.Build.0 = Release|Any CPU
		{7C5EC0B1-FDB6-4426-B482-330BBC935156}.AppStore|Any CPU.Deploy.0 = Release|Any CPU
		{7C5EC0B1-FDB6-4426-B482-330BBC935156}.AppStore|iPhone.ActiveCfg = Release|Any CPU
		{7C5EC0B1-FDB6-4426-B482-330BBC935156}.AppStore|iPhone.Build.0 = Release|Any CPU
		{7C5EC0B1-FDB6-4426-B482-330BBC935156}.AppStore|iPhone.Deploy.0 = Release|Any CPU
		{7C5EC0B1-FDB6-4426-B482-330BBC935156}.AppStore|iPhoneSimulator.ActiveCfg = Release|Any CPU
		{7C5EC0B1-FDB6-4426-B482-330BBC935156}.AppStore|iPhoneSimulator.Build.0 = Release|Any CPU
		{7C5EC0B1-FDB6-4426-B482-330BBC935156}.AppStore|iPhoneSimulator.Deploy.0 = Release|Any CPU
		{7C5EC0B1-FDB6-4426-B482-330BBC935156}.Debug|Any CPU.ActiveCfg = Debug|Any CPU
		{7C5EC0B1-FDB6-4426-B482-330BBC935156}.Debug|Any CPU.Build.0 = Debug|Any CPU
		{7C5EC0B1-FDB6-4426-B482-330BBC935156}.Debug|Any CPU.Deploy.0 = Debug|Any CPU
		{7C5EC0B1-FDB6-4426-B482-330BBC935156}.Debug|iPhone.ActiveCfg = Debug|Any CPU
		{7C5EC0B1-FDB6-4426-B482-330BBC935156}.Debug|iPhone.Build.0 = Debug|Any CPU
		{7C5EC0B1-FDB6-4426-B482-330BBC935156}.Debug|iPhone.Deploy.0 = Debug|Any CPU
		{7C5EC0B1-FDB6-4426-B482-330BBC935156}.Debug|iPhoneSimulator.ActiveCfg = Debug|Any CPU
		{7C5EC0B1-FDB6-4426-B482-330BBC935156}.Debug|iPhoneSimulator.Build.0 = Debug|Any CPU
		{7C5EC0B1-FDB6-4426-B482-330BBC935156}.Debug|iPhoneSimulator.Deploy.0 = Debug|Any CPU
		{7C5EC0B1-FDB6-4426-B482-330BBC935156}.Release|Any CPU.ActiveCfg = Release|Any CPU
		{7C5EC0B1-FDB6-4426-B482-330BBC935156}.Release|Any CPU.Build.0 = Release|Any CPU
		{7C5EC0B1-FDB6-4426-B482-330BBC935156}.Release|Any CPU.Deploy.0 = Release|Any CPU
		{7C5EC0B1-FDB6-4426-B482-330BBC935156}.Release|iPhone.ActiveCfg = Release|Any CPU
		{7C5EC0B1-FDB6-4426-B482-330BBC935156}.Release|iPhone.Build.0 = Release|Any CPU
		{7C5EC0B1-FDB6-4426-B482-330BBC935156}.Release|iPhone.Deploy.0 = Release|Any CPU
		{7C5EC0B1-FDB6-4426-B482-330BBC935156}.Release|iPhoneSimulator.ActiveCfg = Release|Any CPU
		{7C5EC0B1-FDB6-4426-B482-330BBC935156}.Release|iPhoneSimulator.Build.0 = Release|Any CPU
		{7C5EC0B1-FDB6-4426-B482-330BBC935156}.Release|iPhoneSimulator.Deploy.0 = Release|Any CPU
		{DF162380-3A9C-40C1-B91C-A9FD15835CC7}.Ad-Hoc|Any CPU.ActiveCfg = Ad-Hoc|iPhone
		{DF162380-3A9C-40C1-B91C-A9FD15835CC7}.Ad-Hoc|Any CPU.Build.0 = Ad-Hoc|iPhone
		{DF162380-3A9C-40C1-B91C-A9FD15835CC7}.Ad-Hoc|Any CPU.Deploy.0 = Ad-Hoc|iPhone
		{DF162380-3A9C-40C1-B91C-A9FD15835CC7}.Ad-Hoc|iPhone.ActiveCfg = Ad-Hoc|iPhone
		{DF162380-3A9C-40C1-B91C-A9FD15835CC7}.Ad-Hoc|iPhone.Build.0 = Ad-Hoc|iPhone
		{DF162380-3A9C-40C1-B91C-A9FD15835CC7}.Ad-Hoc|iPhone.Deploy.0 = Ad-Hoc|iPhone
		{DF162380-3A9C-40C1-B91C-A9FD15835CC7}.Ad-Hoc|iPhoneSimulator.ActiveCfg = Ad-Hoc|iPhoneSimulator
		{DF162380-3A9C-40C1-B91C-A9FD15835CC7}.Ad-Hoc|iPhoneSimulator.Build.0 = Ad-Hoc|iPhoneSimulator
		{DF162380-3A9C-40C1-B91C-A9FD15835CC7}.Ad-Hoc|iPhoneSimulator.Deploy.0 = Ad-Hoc|iPhoneSimulator
		{DF162380-3A9C-40C1-B91C-A9FD15835CC7}.AppStore|Any CPU.ActiveCfg = AppStore|iPhone
		{DF162380-3A9C-40C1-B91C-A9FD15835CC7}.AppStore|Any CPU.Build.0 = AppStore|iPhone
		{DF162380-3A9C-40C1-B91C-A9FD15835CC7}.AppStore|Any CPU.Deploy.0 = AppStore|iPhone
		{DF162380-3A9C-40C1-B91C-A9FD15835CC7}.AppStore|iPhone.ActiveCfg = AppStore|iPhone
		{DF162380-3A9C-40C1-B91C-A9FD15835CC7}.AppStore|iPhone.Build.0 = AppStore|iPhone
		{DF162380-3A9C-40C1-B91C-A9FD15835CC7}.AppStore|iPhone.Deploy.0 = AppStore|iPhone
		{DF162380-3A9C-40C1-B91C-A9FD15835CC7}.AppStore|iPhoneSimulator.ActiveCfg = AppStore|iPhoneSimulator
		{DF162380-3A9C-40C1-B91C-A9FD15835CC7}.AppStore|iPhoneSimulator.Build.0 = AppStore|iPhoneSimulator
		{DF162380-3A9C-40C1-B91C-A9FD15835CC7}.AppStore|iPhoneSimulator.Deploy.0 = AppStore|iPhoneSimulator
		{DF162380-3A9C-40C1-B91C-A9FD15835CC7}.Debug|Any CPU.ActiveCfg = Debug|iPhoneSimulator
		{DF162380-3A9C-40C1-B91C-A9FD15835CC7}.Debug|Any CPU.Build.0 = Debug|iPhoneSimulator
		{DF162380-3A9C-40C1-B91C-A9FD15835CC7}.Debug|Any CPU.Deploy.0 = Debug|iPhoneSimulator
		{DF162380-3A9C-40C1-B91C-A9FD15835CC7}.Debug|iPhone.ActiveCfg = Debug|iPhone
		{DF162380-3A9C-40C1-B91C-A9FD15835CC7}.Debug|iPhone.Build.0 = Debug|iPhone
		{DF162380-3A9C-40C1-B91C-A9FD15835CC7}.Debug|iPhone.Deploy.0 = Debug|iPhone
		{DF162380-3A9C-40C1-B91C-A9FD15835CC7}.Debug|iPhoneSimulator.ActiveCfg = Debug|iPhoneSimulator
		{DF162380-3A9C-40C1-B91C-A9FD15835CC7}.Debug|iPhoneSimulator.Build.0 = Debug|iPhoneSimulator
		{DF162380-3A9C-40C1-B91C-A9FD15835CC7}.Debug|iPhoneSimulator.Deploy.0 = Debug|iPhoneSimulator
		{DF162380-3A9C-40C1-B91C-A9FD15835CC7}.Release|Any CPU.ActiveCfg = Release|iPhone
		{DF162380-3A9C-40C1-B91C-A9FD15835CC7}.Release|Any CPU.Build.0 = Release|iPhone
		{DF162380-3A9C-40C1-B91C-A9FD15835CC7}.Release|Any CPU.Deploy.0 = Release|iPhone
		{DF162380-3A9C-40C1-B91C-A9FD15835CC7}.Release|iPhone.ActiveCfg = Release|iPhone
		{DF162380-3A9C-40C1-B91C-A9FD15835CC7}.Release|iPhone.Build.0 = Release|iPhone
		{DF162380-3A9C-40C1-B91C-A9FD15835CC7}.Release|iPhone.Deploy.0 = Release|iPhone
		{DF162380-3A9C-40C1-B91C-A9FD15835CC7}.Release|iPhoneSimulator.ActiveCfg = Release|iPhoneSimulator
		{DF162380-3A9C-40C1-B91C-A9FD15835CC7}.Release|iPhoneSimulator.Build.0 = Release|iPhoneSimulator
		{DF162380-3A9C-40C1-B91C-A9FD15835CC7}.Release|iPhoneSimulator.Deploy.0 = Release|iPhoneSimulator
		{77CB1B0F-581A-4172-8AC5-C876C20DA96B}.Ad-Hoc|Any CPU.ActiveCfg = Debug|Any CPU
		{77CB1B0F-581A-4172-8AC5-C876C20DA96B}.Ad-Hoc|Any CPU.Build.0 = Debug|Any CPU
		{77CB1B0F-581A-4172-8AC5-C876C20DA96B}.Ad-Hoc|Any CPU.Deploy.0 = Debug|Any CPU
		{77CB1B0F-581A-4172-8AC5-C876C20DA96B}.Ad-Hoc|iPhone.ActiveCfg = Debug|Any CPU
		{77CB1B0F-581A-4172-8AC5-C876C20DA96B}.Ad-Hoc|iPhone.Build.0 = Debug|Any CPU
		{77CB1B0F-581A-4172-8AC5-C876C20DA96B}.Ad-Hoc|iPhone.Deploy.0 = Debug|Any CPU
		{77CB1B0F-581A-4172-8AC5-C876C20DA96B}.Ad-Hoc|iPhoneSimulator.ActiveCfg = Debug|Any CPU
		{77CB1B0F-581A-4172-8AC5-C876C20DA96B}.Ad-Hoc|iPhoneSimulator.Build.0 = Debug|Any CPU
		{77CB1B0F-581A-4172-8AC5-C876C20DA96B}.Ad-Hoc|iPhoneSimulator.Deploy.0 = Debug|Any CPU
		{77CB1B0F-581A-4172-8AC5-C876C20DA96B}.AppStore|Any CPU.ActiveCfg = Debug|Any CPU
		{77CB1B0F-581A-4172-8AC5-C876C20DA96B}.AppStore|Any CPU.Build.0 = Debug|Any CPU
		{77CB1B0F-581A-4172-8AC5-C876C20DA96B}.AppStore|Any CPU.Deploy.0 = Debug|Any CPU
		{77CB1B0F-581A-4172-8AC5-C876C20DA96B}.AppStore|iPhone.ActiveCfg = Debug|Any CPU
		{77CB1B0F-581A-4172-8AC5-C876C20DA96B}.AppStore|iPhone.Build.0 = Debug|Any CPU
		{77CB1B0F-581A-4172-8AC5-C876C20DA96B}.AppStore|iPhone.Deploy.0 = Debug|Any CPU
		{77CB1B0F-581A-4172-8AC5-C876C20DA96B}.AppStore|iPhoneSimulator.ActiveCfg = Debug|Any CPU
		{77CB1B0F-581A-4172-8AC5-C876C20DA96B}.AppStore|iPhoneSimulator.Build.0 = Debug|Any CPU
		{77CB1B0F-581A-4172-8AC5-C876C20DA96B}.AppStore|iPhoneSimulator.Deploy.0 = Debug|Any CPU
		{77CB1B0F-581A-4172-8AC5-C876C20DA96B}.Debug|Any CPU.ActiveCfg = Debug|Any CPU
		{77CB1B0F-581A-4172-8AC5-C876C20DA96B}.Debug|Any CPU.Build.0 = Debug|Any CPU
		{77CB1B0F-581A-4172-8AC5-C876C20DA96B}.Debug|Any CPU.Deploy.0 = Debug|Any CPU
		{77CB1B0F-581A-4172-8AC5-C876C20DA96B}.Debug|iPhone.ActiveCfg = Debug|Any CPU
		{77CB1B0F-581A-4172-8AC5-C876C20DA96B}.Debug|iPhone.Build.0 = Debug|Any CPU
		{77CB1B0F-581A-4172-8AC5-C876C20DA96B}.Debug|iPhone.Deploy.0 = Debug|Any CPU
		{77CB1B0F-581A-4172-8AC5-C876C20DA96B}.Debug|iPhoneSimulator.ActiveCfg = Debug|Any CPU
		{77CB1B0F-581A-4172-8AC5-C876C20DA96B}.Debug|iPhoneSimulator.Build.0 = Debug|Any CPU
		{77CB1B0F-581A-4172-8AC5-C876C20DA96B}.Debug|iPhoneSimulator.Deploy.0 = Debug|Any CPU
		{77CB1B0F-581A-4172-8AC5-C876C20DA96B}.Release|Any CPU.ActiveCfg = Release|Any CPU
		{77CB1B0F-581A-4172-8AC5-C876C20DA96B}.Release|Any CPU.Build.0 = Release|Any CPU
		{77CB1B0F-581A-4172-8AC5-C876C20DA96B}.Release|Any CPU.Deploy.0 = Release|Any CPU
		{77CB1B0F-581A-4172-8AC5-C876C20DA96B}.Release|iPhone.ActiveCfg = Release|Any CPU
		{77CB1B0F-581A-4172-8AC5-C876C20DA96B}.Release|iPhone.Build.0 = Release|Any CPU
		{77CB1B0F-581A-4172-8AC5-C876C20DA96B}.Release|iPhone.Deploy.0 = Release|Any CPU
		{77CB1B0F-581A-4172-8AC5-C876C20DA96B}.Release|iPhoneSimulator.ActiveCfg = Release|Any CPU
		{77CB1B0F-581A-4172-8AC5-C876C20DA96B}.Release|iPhoneSimulator.Build.0 = Release|Any CPU
		{77CB1B0F-581A-4172-8AC5-C876C20DA96B}.Release|iPhoneSimulator.Deploy.0 = Release|Any CPU
		{2003CD29-F2E4-419C-AB34-A385C3E68CEB}.Ad-Hoc|Any CPU.ActiveCfg = Release|Any CPU
		{2003CD29-F2E4-419C-AB34-A385C3E68CEB}.Ad-Hoc|Any CPU.Build.0 = Release|Any CPU
		{2003CD29-F2E4-419C-AB34-A385C3E68CEB}.Ad-Hoc|iPhone.ActiveCfg = Release|Any CPU
		{2003CD29-F2E4-419C-AB34-A385C3E68CEB}.Ad-Hoc|iPhone.Build.0 = Release|Any CPU
		{2003CD29-F2E4-419C-AB34-A385C3E68CEB}.Ad-Hoc|iPhoneSimulator.ActiveCfg = Release|Any CPU
		{2003CD29-F2E4-419C-AB34-A385C3E68CEB}.Ad-Hoc|iPhoneSimulator.Build.0 = Release|Any CPU
		{2003CD29-F2E4-419C-AB34-A385C3E68CEB}.AppStore|Any CPU.ActiveCfg = Release|Any CPU
		{2003CD29-F2E4-419C-AB34-A385C3E68CEB}.AppStore|Any CPU.Build.0 = Release|Any CPU
		{2003CD29-F2E4-419C-AB34-A385C3E68CEB}.AppStore|iPhone.ActiveCfg = Release|Any CPU
		{2003CD29-F2E4-419C-AB34-A385C3E68CEB}.AppStore|iPhone.Build.0 = Release|Any CPU
		{2003CD29-F2E4-419C-AB34-A385C3E68CEB}.AppStore|iPhoneSimulator.ActiveCfg = Release|Any CPU
		{2003CD29-F2E4-419C-AB34-A385C3E68CEB}.AppStore|iPhoneSimulator.Build.0 = Release|Any CPU
		{2003CD29-F2E4-419C-AB34-A385C3E68CEB}.Debug|Any CPU.ActiveCfg = Debug|Any CPU
		{2003CD29-F2E4-419C-AB34-A385C3E68CEB}.Debug|Any CPU.Build.0 = Debug|Any CPU
		{2003CD29-F2E4-419C-AB34-A385C3E68CEB}.Debug|iPhone.ActiveCfg = Debug|Any CPU
		{2003CD29-F2E4-419C-AB34-A385C3E68CEB}.Debug|iPhone.Build.0 = Debug|Any CPU
		{2003CD29-F2E4-419C-AB34-A385C3E68CEB}.Debug|iPhoneSimulator.ActiveCfg = Debug|Any CPU
		{2003CD29-F2E4-419C-AB34-A385C3E68CEB}.Debug|iPhoneSimulator.Build.0 = Debug|Any CPU
		{2003CD29-F2E4-419C-AB34-A385C3E68CEB}.Release|Any CPU.ActiveCfg = Release|Any CPU
		{2003CD29-F2E4-419C-AB34-A385C3E68CEB}.Release|Any CPU.Build.0 = Release|Any CPU
		{2003CD29-F2E4-419C-AB34-A385C3E68CEB}.Release|iPhone.ActiveCfg = Release|Any CPU
		{2003CD29-F2E4-419C-AB34-A385C3E68CEB}.Release|iPhone.Build.0 = Release|Any CPU
		{2003CD29-F2E4-419C-AB34-A385C3E68CEB}.Release|iPhoneSimulator.ActiveCfg = Release|Any CPU
		{2003CD29-F2E4-419C-AB34-A385C3E68CEB}.Release|iPhoneSimulator.Build.0 = Release|Any CPU
		{D6EA515D-2690-4ABD-A5EA-1CB10E0C6831}.Ad-Hoc|Any CPU.ActiveCfg = Release|Any CPU
		{D6EA515D-2690-4ABD-A5EA-1CB10E0C6831}.Ad-Hoc|Any CPU.Build.0 = Release|Any CPU
		{D6EA515D-2690-4ABD-A5EA-1CB10E0C6831}.Ad-Hoc|iPhone.ActiveCfg = Release|Any CPU
		{D6EA515D-2690-4ABD-A5EA-1CB10E0C6831}.Ad-Hoc|iPhone.Build.0 = Release|Any CPU
		{D6EA515D-2690-4ABD-A5EA-1CB10E0C6831}.Ad-Hoc|iPhoneSimulator.ActiveCfg = Release|Any CPU
		{D6EA515D-2690-4ABD-A5EA-1CB10E0C6831}.Ad-Hoc|iPhoneSimulator.Build.0 = Release|Any CPU
		{D6EA515D-2690-4ABD-A5EA-1CB10E0C6831}.AppStore|Any CPU.ActiveCfg = Release|Any CPU
		{D6EA515D-2690-4ABD-A5EA-1CB10E0C6831}.AppStore|Any CPU.Build.0 = Release|Any CPU
		{D6EA515D-2690-4ABD-A5EA-1CB10E0C6831}.AppStore|iPhone.ActiveCfg = Release|Any CPU
		{D6EA515D-2690-4ABD-A5EA-1CB10E0C6831}.AppStore|iPhone.Build.0 = Release|Any CPU
		{D6EA515D-2690-4ABD-A5EA-1CB10E0C6831}.AppStore|iPhoneSimulator.ActiveCfg = Release|Any CPU
		{D6EA515D-2690-4ABD-A5EA-1CB10E0C6831}.AppStore|iPhoneSimulator.Build.0 = Release|Any CPU
		{D6EA515D-2690-4ABD-A5EA-1CB10E0C6831}.Debug|Any CPU.ActiveCfg = Debug|Any CPU
		{D6EA515D-2690-4ABD-A5EA-1CB10E0C6831}.Debug|Any CPU.Build.0 = Debug|Any CPU
		{D6EA515D-2690-4ABD-A5EA-1CB10E0C6831}.Debug|iPhone.ActiveCfg = Debug|Any CPU
		{D6EA515D-2690-4ABD-A5EA-1CB10E0C6831}.Debug|iPhone.Build.0 = Debug|Any CPU
		{D6EA515D-2690-4ABD-A5EA-1CB10E0C6831}.Debug|iPhoneSimulator.ActiveCfg = Debug|Any CPU
		{D6EA515D-2690-4ABD-A5EA-1CB10E0C6831}.Debug|iPhoneSimulator.Build.0 = Debug|Any CPU
		{D6EA515D-2690-4ABD-A5EA-1CB10E0C6831}.Release|Any CPU.ActiveCfg = Release|Any CPU
		{D6EA515D-2690-4ABD-A5EA-1CB10E0C6831}.Release|Any CPU.Build.0 = Release|Any CPU
		{D6EA515D-2690-4ABD-A5EA-1CB10E0C6831}.Release|iPhone.ActiveCfg = Release|Any CPU
		{D6EA515D-2690-4ABD-A5EA-1CB10E0C6831}.Release|iPhone.Build.0 = Release|Any CPU
		{D6EA515D-2690-4ABD-A5EA-1CB10E0C6831}.Release|iPhoneSimulator.ActiveCfg = Release|Any CPU
		{D6EA515D-2690-4ABD-A5EA-1CB10E0C6831}.Release|iPhoneSimulator.Build.0 = Release|Any CPU
		{FB858953-16F9-4384-A75B-1B6311B19C71}.Ad-Hoc|Any CPU.ActiveCfg = Release|Any CPU
		{FB858953-16F9-4384-A75B-1B6311B19C71}.Ad-Hoc|Any CPU.Build.0 = Release|Any CPU
		{FB858953-16F9-4384-A75B-1B6311B19C71}.Ad-Hoc|iPhone.ActiveCfg = Release|Any CPU
		{FB858953-16F9-4384-A75B-1B6311B19C71}.Ad-Hoc|iPhone.Build.0 = Release|Any CPU
		{FB858953-16F9-4384-A75B-1B6311B19C71}.Ad-Hoc|iPhoneSimulator.ActiveCfg = Release|Any CPU
		{FB858953-16F9-4384-A75B-1B6311B19C71}.Ad-Hoc|iPhoneSimulator.Build.0 = Release|Any CPU
		{FB858953-16F9-4384-A75B-1B6311B19C71}.AppStore|Any CPU.ActiveCfg = Release|Any CPU
		{FB858953-16F9-4384-A75B-1B6311B19C71}.AppStore|Any CPU.Build.0 = Release|Any CPU
		{FB858953-16F9-4384-A75B-1B6311B19C71}.AppStore|iPhone.ActiveCfg = Release|Any CPU
		{FB858953-16F9-4384-A75B-1B6311B19C71}.AppStore|iPhone.Build.0 = Release|Any CPU
		{FB858953-16F9-4384-A75B-1B6311B19C71}.AppStore|iPhoneSimulator.ActiveCfg = Release|Any CPU
		{FB858953-16F9-4384-A75B-1B6311B19C71}.AppStore|iPhoneSimulator.Build.0 = Release|Any CPU
		{FB858953-16F9-4384-A75B-1B6311B19C71}.Debug|Any CPU.ActiveCfg = Debug|Any CPU
		{FB858953-16F9-4384-A75B-1B6311B19C71}.Debug|Any CPU.Build.0 = Debug|Any CPU
		{FB858953-16F9-4384-A75B-1B6311B19C71}.Debug|iPhone.ActiveCfg = Debug|Any CPU
		{FB858953-16F9-4384-A75B-1B6311B19C71}.Debug|iPhone.Build.0 = Debug|Any CPU
		{FB858953-16F9-4384-A75B-1B6311B19C71}.Debug|iPhoneSimulator.ActiveCfg = Debug|Any CPU
		{FB858953-16F9-4384-A75B-1B6311B19C71}.Debug|iPhoneSimulator.Build.0 = Debug|Any CPU
		{FB858953-16F9-4384-A75B-1B6311B19C71}.Release|Any CPU.ActiveCfg = Release|Any CPU
		{FB858953-16F9-4384-A75B-1B6311B19C71}.Release|Any CPU.Build.0 = Release|Any CPU
		{FB858953-16F9-4384-A75B-1B6311B19C71}.Release|iPhone.ActiveCfg = Release|Any CPU
		{FB858953-16F9-4384-A75B-1B6311B19C71}.Release|iPhone.Build.0 = Release|Any CPU
		{FB858953-16F9-4384-A75B-1B6311B19C71}.Release|iPhoneSimulator.ActiveCfg = Release|Any CPU
		{FB858953-16F9-4384-A75B-1B6311B19C71}.Release|iPhoneSimulator.Build.0 = Release|Any CPU
		{94E6F4B3-7A74-40A9-B9B1-57DACA5E178A}.Ad-Hoc|Any CPU.ActiveCfg = Release|Any CPU
		{94E6F4B3-7A74-40A9-B9B1-57DACA5E178A}.Ad-Hoc|Any CPU.Build.0 = Release|Any CPU
		{94E6F4B3-7A74-40A9-B9B1-57DACA5E178A}.Ad-Hoc|iPhone.ActiveCfg = Release|Any CPU
		{94E6F4B3-7A74-40A9-B9B1-57DACA5E178A}.Ad-Hoc|iPhone.Build.0 = Release|Any CPU
		{94E6F4B3-7A74-40A9-B9B1-57DACA5E178A}.Ad-Hoc|iPhoneSimulator.ActiveCfg = Release|Any CPU
		{94E6F4B3-7A74-40A9-B9B1-57DACA5E178A}.Ad-Hoc|iPhoneSimulator.Build.0 = Release|Any CPU
		{94E6F4B3-7A74-40A9-B9B1-57DACA5E178A}.AppStore|Any CPU.ActiveCfg = Release|Any CPU
		{94E6F4B3-7A74-40A9-B9B1-57DACA5E178A}.AppStore|Any CPU.Build.0 = Release|Any CPU
		{94E6F4B3-7A74-40A9-B9B1-57DACA5E178A}.AppStore|iPhone.ActiveCfg = Release|Any CPU
		{94E6F4B3-7A74-40A9-B9B1-57DACA5E178A}.AppStore|iPhone.Build.0 = Release|Any CPU
		{94E6F4B3-7A74-40A9-B9B1-57DACA5E178A}.AppStore|iPhoneSimulator.ActiveCfg = Release|Any CPU
		{94E6F4B3-7A74-40A9-B9B1-57DACA5E178A}.AppStore|iPhoneSimulator.Build.0 = Release|Any CPU
		{94E6F4B3-7A74-40A9-B9B1-57DACA5E178A}.Debug|Any CPU.ActiveCfg = Debug|Any CPU
		{94E6F4B3-7A74-40A9-B9B1-57DACA5E178A}.Debug|Any CPU.Build.0 = Debug|Any CPU
		{94E6F4B3-7A74-40A9-B9B1-57DACA5E178A}.Debug|iPhone.ActiveCfg = Debug|Any CPU
		{94E6F4B3-7A74-40A9-B9B1-57DACA5E178A}.Debug|iPhone.Build.0 = Debug|Any CPU
		{94E6F4B3-7A74-40A9-B9B1-57DACA5E178A}.Debug|iPhoneSimulator.ActiveCfg = Debug|Any CPU
		{94E6F4B3-7A74-40A9-B9B1-57DACA5E178A}.Debug|iPhoneSimulator.Build.0 = Debug|Any CPU
		{94E6F4B3-7A74-40A9-B9B1-57DACA5E178A}.Release|Any CPU.ActiveCfg = Release|Any CPU
		{94E6F4B3-7A74-40A9-B9B1-57DACA5E178A}.Release|Any CPU.Build.0 = Release|Any CPU
		{94E6F4B3-7A74-40A9-B9B1-57DACA5E178A}.Release|iPhone.ActiveCfg = Release|Any CPU
		{94E6F4B3-7A74-40A9-B9B1-57DACA5E178A}.Release|iPhone.Build.0 = Release|Any CPU
		{94E6F4B3-7A74-40A9-B9B1-57DACA5E178A}.Release|iPhoneSimulator.ActiveCfg = Release|Any CPU
		{94E6F4B3-7A74-40A9-B9B1-57DACA5E178A}.Release|iPhoneSimulator.Build.0 = Release|Any CPU
	EndGlobalSection
	GlobalSection(SolutionProperties) = preSolution
		HideSolutionNode = FALSE
	EndGlobalSection
	GlobalSection(ExtensibilityGlobals) = postSolution
		SolutionGuid = {9CAE9318-8C4C-44FE-A84E-DF68FD59E218}
	EndGlobalSection
EndGlobal
